
Microsoft Visual Studio Solution File, Format Version 12.00
# Visual Studio 15
VisualStudioVersion = 15.0.27004.2005
MinimumVisualStudioVersion = 10.0.40219.1
Project("{FAE04EC0-301F-11D3-BF4B-00C04F79EFBC}") = "RaportHelper", "RaportHelper\RaportHelper.csproj", "{BB330C5D-902F-4F0D-BC2F-51DE53412BE4}"
EndProject
Global
	GlobalSection(SolutionConfigurationPlatforms) = preSolution
		Debug|Any CPU = Debug|Any CPU
		Release|Any CPU = Release|Any CPU
	EndGlobalSection
	GlobalSection(ProjectConfigurationPlatforms) = postSolution
		{BB330C5D-902F-4F0D-BC2F-51DE53412BE4}.Debug|Any CPU.ActiveCfg = Debug|Any CPU
		{BB330C5D-902F-4F0D-BC2F-51DE53412BE4}.Debug|Any CPU.Build.0 = Debug|Any CPU
		{BB330C5D-902F-4F0D-BC2F-51DE53412BE4}.Release|Any CPU.ActiveCfg = Release|Any CPU
		{BB330C5D-902F-4F0D-BC2F-51DE53412BE4}.Release|Any CPU.Build.0 = Release|Any CPU
	EndGlobalSection
	GlobalSection(SolutionProperties) = preSolution
		HideSolutionNode = FALSE
	EndGlobalSection
	GlobalSection(ExtensibilityGlobals) = postSolution
		SolutionGuid = {926C69ED-8DBE-412C-B75A-5ECB09BF714F}
	EndGlobalSection
EndGlobal
